
Microsoft Visual Studio Solution File, Format Version 12.00
# Visual Studio Version 16
VisualStudioVersion = 16.0.28803.916
MinimumVisualStudioVersion = 10.0.40219.1
Project("{FAE04EC0-301F-11D3-BF4B-00C04F79EFBC}") = "Pvolume", "Pvolume\Pvolume.csproj", "{206D0C19-DD4E-4083-A1AC-5A57A54CEC67}"
EndProject
Global
	GlobalSection(SolutionConfigurationPlatforms) = preSolution
		Debug|Any CPU = Debug|Any CPU
		Release|Any CPU = Release|Any CPU
	EndGlobalSection
	GlobalSection(ProjectConfigurationPlatforms) = postSolution
		{206D0C19-DD4E-4083-A1AC-5A57A54CEC67}.Debug|Any CPU.ActiveCfg = Debug|Any CPU
		{206D0C19-DD4E-4083-A1AC-5A57A54CEC67}.Debug|Any CPU.Build.0 = Debug|Any CPU
		{206D0C19-DD4E-4083-A1AC-5A57A54CEC67}.Release|Any CPU.ActiveCfg = Release|Any CPU
		{206D0C19-DD4E-4083-A1AC-5A57A54CEC67}.Release|Any CPU.Build.0 = Release|Any CPU
	EndGlobalSection
	GlobalSection(SolutionProperties) = preSolution
		HideSolutionNode = FALSE
	EndGlobalSection
	GlobalSection(ExtensibilityGlobals) = postSolution
		SolutionGuid = {3CEFBC6E-5E38-47D2-B983-FAE9F21AFE13}
	EndGlobalSection
EndGlobal
